
Microsoft Visual Studio Solution File, Format Version 12.00
# Visual Studio Version 16
VisualStudioVersion = 16.0.30907.101
MinimumVisualStudioVersion = 10.0.40219.1
Project("{FAE04EC0-301F-11D3-BF4B-00C04F79EFBC}") = "Lab_01_v2_ED", "Lab_01_v2_ED.csproj", "{127F7BC4-F508-4DC0-BE63-F9E7612AF801}"
EndProject
Global
	GlobalSection(SolutionConfigurationPlatforms) = preSolution
		Debug|Any CPU = Debug|Any CPU
		Release|Any CPU = Release|Any CPU
	EndGlobalSection
	GlobalSection(ProjectConfigurationPlatforms) = postSolution
		{127F7BC4-F508-4DC0-BE63-F9E7612AF801}.Debug|Any CPU.ActiveCfg = Debug|Any CPU
		{127F7BC4-F508-4DC0-BE63-F9E7612AF801}.Debug|Any CPU.Build.0 = Debug|Any CPU
		{127F7BC4-F508-4DC0-BE63-F9E7612AF801}.Release|Any CPU.ActiveCfg = Release|Any CPU
		{127F7BC4-F508-4DC0-BE63-F9E7612AF801}.Release|Any CPU.Build.0 = Release|Any CPU
	EndGlobalSection
	GlobalSection(SolutionProperties) = preSolution
		HideSolutionNode = FALSE
	EndGlobalSection
	GlobalSection(ExtensibilityGlobals) = postSolution
		SolutionGuid = {4A41C943-E982-46E0-ACDC-E9ADFB47A2B6}
	EndGlobalSection
EndGlobal
